// !$*UTF8*$!
{
	archiveVersion = 1;
	classes = {
	};
	objectVersion = 60;
	objects = {

/* Begin PBXBuildFile section */
		5F2B87182AE18C7000BF304B /* ContentView.swift in Sources */ = {isa = PBXBuildFile; fileRef = 5FF58F352ADE51D900AD2941 /* ContentView.swift */; };
		5F2B87192AE18C7100BF304B /* ContentView.swift in Sources */ = {isa = PBXBuildFile; fileRef = 5FF58F352ADE51D900AD2941 /* ContentView.swift */; };
		5F2B871C2AE18DFA00BF304B /* UkatonKit in Frameworks */ = {isa = PBXBuildFile; productRef = 5F2B871B2AE18DFA00BF304B /* UkatonKit */; };
		5F2B871F2AE18E2100BF304B /* UkatonKit in Frameworks */ = {isa = PBXBuildFile; productRef = 5F2B871E2AE18E2100BF304B /* UkatonKit */; };
		5F2B87212AE18E2600BF304B /* UkatonKit in Frameworks */ = {isa = PBXBuildFile; productRef = 5F2B87202AE18E2600BF304B /* UkatonKit */; };
		5F426ECF2AF17CEA00E58F15 /* DiscoveredDeviceRow.swift in Sources */ = {isa = PBXBuildFile; fileRef = 5F426ECE2AF17CEA00E58F15 /* DiscoveredDeviceRow.swift */; };
		5F426ED02AF17D4E00E58F15 /* DiscoveredDeviceRow.swift in Sources */ = {isa = PBXBuildFile; fileRef = 5F426ECE2AF17CEA00E58F15 /* DiscoveredDeviceRow.swift */; };
		5F426ED12AF17D4F00E58F15 /* DiscoveredDeviceRow.swift in Sources */ = {isa = PBXBuildFile; fileRef = 5F426ECE2AF17CEA00E58F15 /* DiscoveredDeviceRow.swift */; };
		5F426ED32AF1F51D00E58F15 /* DeviceDetail.swift in Sources */ = {isa = PBXBuildFile; fileRef = 5F426ED22AF1F51D00E58F15 /* DeviceDetail.swift */; };
		5F426ED42AF1F53300E58F15 /* DeviceDetail.swift in Sources */ = {isa = PBXBuildFile; fileRef = 5F426ED22AF1F51D00E58F15 /* DeviceDetail.swift */; };
		5F426ED52AF1F53800E58F15 /* DeviceDetail.swift in Sources */ = {isa = PBXBuildFile; fileRef = 5F426ED22AF1F51D00E58F15 /* DeviceDetail.swift */; };
		5F7616402AFAB083000E1A80 /* SensorDataDemo.swift in Sources */ = {isa = PBXBuildFile; fileRef = 5F76163F2AFAB083000E1A80 /* SensorDataDemo.swift */; };
		5F7616412AFAB083000E1A80 /* SensorDataDemo.swift in Sources */ = {isa = PBXBuildFile; fileRef = 5F76163F2AFAB083000E1A80 /* SensorDataDemo.swift */; };
		5F7616422AFAB083000E1A80 /* SensorDataDemo.swift in Sources */ = {isa = PBXBuildFile; fileRef = 5F76163F2AFAB083000E1A80 /* SensorDataDemo.swift */; };
		5FA3AFF92AFAA97800F5295C /* DeviceInformationSection.swift in Sources */ = {isa = PBXBuildFile; fileRef = 5FA3AFF82AFAA97800F5295C /* DeviceInformationSection.swift */; };
		5FA3AFFA2AFAA97800F5295C /* DeviceInformationSection.swift in Sources */ = {isa = PBXBuildFile; fileRef = 5FA3AFF82AFAA97800F5295C /* DeviceInformationSection.swift */; };
		5FA3AFFB2AFAA97800F5295C /* DeviceInformationSection.swift in Sources */ = {isa = PBXBuildFile; fileRef = 5FA3AFF82AFAA97800F5295C /* DeviceInformationSection.swift */; };
		5FA3AFFD2AFAAA2800F5295C /* DeviceWifiInformationSection.swift in Sources */ = {isa = PBXBuildFile; fileRef = 5FA3AFFC2AFAAA2800F5295C /* DeviceWifiInformationSection.swift */; };
		5FA3AFFE2AFAAA2800F5295C /* DeviceWifiInformationSection.swift in Sources */ = {isa = PBXBuildFile; fileRef = 5FA3AFFC2AFAAA2800F5295C /* DeviceWifiInformationSection.swift */; };
		5FA3AFFF2AFAAA2800F5295C /* DeviceWifiInformationSection.swift in Sources */ = {isa = PBXBuildFile; fileRef = 5FA3AFFC2AFAAA2800F5295C /* DeviceWifiInformationSection.swift */; };
		5FA3B0032AFAAB6E00F5295C /* DeviceDemosSection.swift in Sources */ = {isa = PBXBuildFile; fileRef = 5FA3B0022AFAAB6E00F5295C /* DeviceDemosSection.swift */; };
		5FA3B0042AFAAB6E00F5295C /* DeviceDemosSection.swift in Sources */ = {isa = PBXBuildFile; fileRef = 5FA3B0022AFAAB6E00F5295C /* DeviceDemosSection.swift */; };
		5FA3B0052AFAAB6E00F5295C /* DeviceDemosSection.swift in Sources */ = {isa = PBXBuildFile; fileRef = 5FA3B0022AFAAB6E00F5295C /* DeviceDemosSection.swift */; };
		5FCC84A42AFC414100B755FA /* MotionCalibrationSection.swift in Sources */ = {isa = PBXBuildFile; fileRef = 5FCC84A32AFC414100B755FA /* MotionCalibrationSection.swift */; };
		5FCC84A52AFC414100B755FA /* MotionCalibrationSection.swift in Sources */ = {isa = PBXBuildFile; fileRef = 5FCC84A32AFC414100B755FA /* MotionCalibrationSection.swift */; };
		5FCC84A62AFC414100B755FA /* MotionCalibrationSection.swift in Sources */ = {isa = PBXBuildFile; fileRef = 5FCC84A32AFC414100B755FA /* MotionCalibrationSection.swift */; };
		5FCC84A82AFC426000B755FA /* MotionDataSection.swift in Sources */ = {isa = PBXBuildFile; fileRef = 5FCC84A72AFC426000B755FA /* MotionDataSection.swift */; };
		5FCC84A92AFC426000B755FA /* MotionDataSection.swift in Sources */ = {isa = PBXBuildFile; fileRef = 5FCC84A72AFC426000B755FA /* MotionDataSection.swift */; };
		5FCC84AA2AFC426000B755FA /* MotionDataSection.swift in Sources */ = {isa = PBXBuildFile; fileRef = 5FCC84A72AFC426000B755FA /* MotionDataSection.swift */; };
		5FCC84B02AFC445C00B755FA /* PressureDataSection.swift in Sources */ = {isa = PBXBuildFile; fileRef = 5FCC84AF2AFC445C00B755FA /* PressureDataSection.swift */; };
		5FCC84B12AFC445C00B755FA /* PressureDataSection.swift in Sources */ = {isa = PBXBuildFile; fileRef = 5FCC84AF2AFC445C00B755FA /* PressureDataSection.swift */; };
		5FCC84B22AFC445C00B755FA /* PressureDataSection.swift in Sources */ = {isa = PBXBuildFile; fileRef = 5FCC84AF2AFC445C00B755FA /* PressureDataSection.swift */; };
		5FF24DE62AF41127009FAA0E /* LabelSpacing.swift in Sources */ = {isa = PBXBuildFile; fileRef = 5FF24DE52AF41127009FAA0E /* LabelSpacing.swift */; };
		5FF24DE72AF41127009FAA0E /* LabelSpacing.swift in Sources */ = {isa = PBXBuildFile; fileRef = 5FF24DE52AF41127009FAA0E /* LabelSpacing.swift */; };
		5FF24DE82AF41127009FAA0E /* LabelSpacing.swift in Sources */ = {isa = PBXBuildFile; fileRef = 5FF24DE52AF41127009FAA0E /* LabelSpacing.swift */; };
		5FF58F342ADE51D900AD2941 /* UkatonSwiftDemoApp.swift in Sources */ = {isa = PBXBuildFile; fileRef = 5FF58F332ADE51D900AD2941 /* UkatonSwiftDemoApp.swift */; };
		5FF58F362ADE51D900AD2941 /* ContentView.swift in Sources */ = {isa = PBXBuildFile; fileRef = 5FF58F352ADE51D900AD2941 /* ContentView.swift */; };
		5FF58F382ADE51DA00AD2941 /* Assets.xcassets in Resources */ = {isa = PBXBuildFile; fileRef = 5FF58F372ADE51DA00AD2941 /* Assets.xcassets */; };
		5FF58F3C2ADE51DA00AD2941 /* Preview Assets.xcassets in Resources */ = {isa = PBXBuildFile; fileRef = 5FF58F3B2ADE51DA00AD2941 /* Preview Assets.xcassets */; };
		5FF58F552ADF13E800AD2941 /* Preview Assets.xcassets in Resources */ = {isa = PBXBuildFile; fileRef = 5FF58F542ADF13E800AD2941 /* Preview Assets.xcassets */; };
		5FF58F5B2ADF140C00AD2941 /* UkatonSwiftDemoApp.swift in Sources */ = {isa = PBXBuildFile; fileRef = 5FF58F332ADE51D900AD2941 /* UkatonSwiftDemoApp.swift */; };
		5FF58F6B2ADF183000AD2941 /* Preview Assets.xcassets in Resources */ = {isa = PBXBuildFile; fileRef = 5FF58F6A2ADF183000AD2941 /* Preview Assets.xcassets */; };
		5FF58F6E2ADF183000AD2941 /* WatchUkatonSwiftDemo Watch App.app in Embed Watch Content */ = {isa = PBXBuildFile; fileRef = 5FF58F612ADF182F00AD2941 /* WatchUkatonSwiftDemo Watch App.app */; settings = {ATTRIBUTES = (RemoveHeadersOnCopy, ); }; };
		5FF58F752ADF18A000AD2941 /* UkatonSwiftDemoApp.swift in Sources */ = {isa = PBXBuildFile; fileRef = 5FF58F332ADE51D900AD2941 /* UkatonSwiftDemoApp.swift */; };
		5FF58F772ADF1BF300AD2941 /* Assets.xcassets in Resources */ = {isa = PBXBuildFile; fileRef = 5FF58F372ADE51DA00AD2941 /* Assets.xcassets */; };
		5FF58F782ADF1F1800AD2941 /* Assets.xcassets in Resources */ = {isa = PBXBuildFile; fileRef = 5FF58F372ADE51DA00AD2941 /* Assets.xcassets */; };
		5FFBE8112AF160CF00F8CBD7 /* DeviceDiscovery.swift in Sources */ = {isa = PBXBuildFile; fileRef = 5FFBE8102AF160CF00F8CBD7 /* DeviceDiscovery.swift */; };
		5FFBE8122AF160CF00F8CBD7 /* DeviceDiscovery.swift in Sources */ = {isa = PBXBuildFile; fileRef = 5FFBE8102AF160CF00F8CBD7 /* DeviceDiscovery.swift */; };
		5FFBE8132AF160CF00F8CBD7 /* DeviceDiscovery.swift in Sources */ = {isa = PBXBuildFile; fileRef = 5FFBE8102AF160CF00F8CBD7 /* DeviceDiscovery.swift */; };
/* End PBXBuildFile section */

/* Begin PBXContainerItemProxy section */
		5FF58F6C2ADF183000AD2941 /* PBXContainerItemProxy */ = {
			isa = PBXContainerItemProxy;
			containerPortal = 5FF58F282ADE51D900AD2941 /* Project object */;
			proxyType = 1;
			remoteGlobalIDString = 5FF58F602ADF182F00AD2941;
			remoteInfo = "WatchUkatonSwiftDemo Watch App";
		};
/* End PBXContainerItemProxy section */

/* Begin PBXCopyFilesBuildPhase section */
		5FF58F722ADF183000AD2941 /* Embed Watch Content */ = {
			isa = PBXCopyFilesBuildPhase;
			buildActionMask = 2147483647;
			dstPath = "$(CONTENTS_FOLDER_PATH)/Watch";
			dstSubfolderSpec = 16;
			files = (
				5FF58F6E2ADF183000AD2941 /* WatchUkatonSwiftDemo Watch App.app in Embed Watch Content */,
			);
			name = "Embed Watch Content";
			runOnlyForDeploymentPostprocessing = 0;
		};
/* End PBXCopyFilesBuildPhase section */

/* Begin PBXFileReference section */
		5F426ECE2AF17CEA00E58F15 /* DiscoveredDeviceRow.swift */ = {isa = PBXFileReference; lastKnownFileType = sourcecode.swift; path = DiscoveredDeviceRow.swift; sourceTree = "<group>"; };
		5F426ED22AF1F51D00E58F15 /* DeviceDetail.swift */ = {isa = PBXFileReference; lastKnownFileType = sourcecode.swift; path = DeviceDetail.swift; sourceTree = "<group>"; };
		5F76163F2AFAB083000E1A80 /* SensorDataDemo.swift */ = {isa = PBXFileReference; lastKnownFileType = sourcecode.swift; path = SensorDataDemo.swift; sourceTree = "<group>"; };
		5FA3AFF82AFAA97800F5295C /* DeviceInformationSection.swift */ = {isa = PBXFileReference; lastKnownFileType = sourcecode.swift; path = DeviceInformationSection.swift; sourceTree = "<group>"; };
		5FA3AFFC2AFAAA2800F5295C /* DeviceWifiInformationSection.swift */ = {isa = PBXFileReference; lastKnownFileType = sourcecode.swift; path = DeviceWifiInformationSection.swift; sourceTree = "<group>"; };
		5FA3B0022AFAAB6E00F5295C /* DeviceDemosSection.swift */ = {isa = PBXFileReference; lastKnownFileType = sourcecode.swift; path = DeviceDemosSection.swift; sourceTree = "<group>"; };
		5FCC84A32AFC414100B755FA /* MotionCalibrationSection.swift */ = {isa = PBXFileReference; lastKnownFileType = sourcecode.swift; path = MotionCalibrationSection.swift; sourceTree = "<group>"; };
		5FCC84A72AFC426000B755FA /* MotionDataSection.swift */ = {isa = PBXFileReference; lastKnownFileType = sourcecode.swift; path = MotionDataSection.swift; sourceTree = "<group>"; };
		5FCC84AF2AFC445C00B755FA /* PressureDataSection.swift */ = {isa = PBXFileReference; lastKnownFileType = sourcecode.swift; path = PressureDataSection.swift; sourceTree = "<group>"; };
		5FF24DE52AF41127009FAA0E /* LabelSpacing.swift */ = {isa = PBXFileReference; lastKnownFileType = sourcecode.swift; path = LabelSpacing.swift; sourceTree = "<group>"; };
		5FF58F302ADE51D900AD2941 /* UkatonSwiftDemo.app */ = {isa = PBXFileReference; explicitFileType = wrapper.application; includeInIndex = 0; path = UkatonSwiftDemo.app; sourceTree = BUILT_PRODUCTS_DIR; };
		5FF58F332ADE51D900AD2941 /* UkatonSwiftDemoApp.swift */ = {isa = PBXFileReference; lastKnownFileType = sourcecode.swift; path = UkatonSwiftDemoApp.swift; sourceTree = "<group>"; };
		5FF58F352ADE51D900AD2941 /* ContentView.swift */ = {isa = PBXFileReference; lastKnownFileType = sourcecode.swift; path = ContentView.swift; sourceTree = "<group>"; };
		5FF58F372ADE51DA00AD2941 /* Assets.xcassets */ = {isa = PBXFileReference; lastKnownFileType = folder.assetcatalog; path = Assets.xcassets; sourceTree = "<group>"; };
		5FF58F392ADE51DA00AD2941 /* UkatonSwiftDemo.entitlements */ = {isa = PBXFileReference; lastKnownFileType = text.plist.entitlements; path = UkatonSwiftDemo.entitlements; sourceTree = "<group>"; };
		5FF58F3B2ADE51DA00AD2941 /* Preview Assets.xcassets */ = {isa = PBXFileReference; lastKnownFileType = folder.assetcatalog; path = "Preview Assets.xcassets"; sourceTree = "<group>"; };
		5FF58F432ADEFD2900AD2941 /* Info.plist */ = {isa = PBXFileReference; lastKnownFileType = text.plist; path = Info.plist; sourceTree = "<group>"; };
		5FF58F4B2ADF13E700AD2941 /* MacUkatonSwiftDemo.app */ = {isa = PBXFileReference; explicitFileType = wrapper.application; includeInIndex = 0; path = MacUkatonSwiftDemo.app; sourceTree = BUILT_PRODUCTS_DIR; };
		5FF58F4D2ADF13E700AD2941 /* MacUkatonSwiftDemoApp.swift */ = {isa = PBXFileReference; lastKnownFileType = sourcecode.swift; path = MacUkatonSwiftDemoApp.swift; sourceTree = "<group>"; };
		5FF58F4F2ADF13E700AD2941 /* ContentView.swift */ = {isa = PBXFileReference; lastKnownFileType = sourcecode.swift; path = ContentView.swift; sourceTree = "<group>"; };
		5FF58F542ADF13E800AD2941 /* Preview Assets.xcassets */ = {isa = PBXFileReference; lastKnownFileType = folder.assetcatalog; path = "Preview Assets.xcassets"; sourceTree = "<group>"; };
		5FF58F562ADF13E800AD2941 /* MacUkatonSwiftDemo.entitlements */ = {isa = PBXFileReference; lastKnownFileType = text.plist.entitlements; path = MacUkatonSwiftDemo.entitlements; sourceTree = "<group>"; };
		5FF58F5C2ADF164900AD2941 /* Info.plist */ = {isa = PBXFileReference; lastKnownFileType = text.plist; path = Info.plist; sourceTree = "<group>"; };
		5FF58F612ADF182F00AD2941 /* WatchUkatonSwiftDemo Watch App.app */ = {isa = PBXFileReference; explicitFileType = wrapper.application; includeInIndex = 0; path = "WatchUkatonSwiftDemo Watch App.app"; sourceTree = BUILT_PRODUCTS_DIR; };
		5FF58F632ADF182F00AD2941 /* WatchUkatonSwiftDemoApp.swift */ = {isa = PBXFileReference; lastKnownFileType = sourcecode.swift; path = WatchUkatonSwiftDemoApp.swift; sourceTree = "<group>"; };
		5FF58F652ADF182F00AD2941 /* ContentView.swift */ = {isa = PBXFileReference; lastKnownFileType = sourcecode.swift; path = ContentView.swift; sourceTree = "<group>"; };
		5FF58F6A2ADF183000AD2941 /* Preview Assets.xcassets */ = {isa = PBXFileReference; lastKnownFileType = folder.assetcatalog; path = "Preview Assets.xcassets"; sourceTree = "<group>"; };
		5FF58F732ADF185600AD2941 /* WatchUkatonSwiftDemo-Watch-App-Info.plist */ = {isa = PBXFileReference; lastKnownFileType = text.plist; path = "WatchUkatonSwiftDemo-Watch-App-Info.plist"; sourceTree = SOURCE_ROOT; };
		5FFBE8102AF160CF00F8CBD7 /* DeviceDiscovery.swift */ = {isa = PBXFileReference; lastKnownFileType = sourcecode.swift; path = DeviceDiscovery.swift; sourceTree = "<group>"; };
/* End PBXFileReference section */

/* Begin PBXFrameworksBuildPhase section */
		5FF58F2D2ADE51D900AD2941 /* Frameworks */ = {
			isa = PBXFrameworksBuildPhase;
			buildActionMask = 2147483647;
			files = (
				5F2B871C2AE18DFA00BF304B /* UkatonKit in Frameworks */,
			);
			runOnlyForDeploymentPostprocessing = 0;
		};
		5FF58F482ADF13E700AD2941 /* Frameworks */ = {
			isa = PBXFrameworksBuildPhase;
			buildActionMask = 2147483647;
			files = (
				5F2B871F2AE18E2100BF304B /* UkatonKit in Frameworks */,
			);
			runOnlyForDeploymentPostprocessing = 0;
		};
		5FF58F5E2ADF182F00AD2941 /* Frameworks */ = {
			isa = PBXFrameworksBuildPhase;
			buildActionMask = 2147483647;
			files = (
				5F2B87212AE18E2600BF304B /* UkatonKit in Frameworks */,
			);
			runOnlyForDeploymentPostprocessing = 0;
		};
/* End PBXFrameworksBuildPhase section */

/* Begin PBXGroup section */
		5F2B871D2AE18E2100BF304B /* Frameworks */ = {
			isa = PBXGroup;
			children = (
			);
			name = Frameworks;
			sourceTree = "<group>";
		};
		5FA3AFF62AF9937B00F5295C /* Demos */ = {
			isa = PBXGroup;
			children = (
				5FCC84A22AFC412600B755FA /* SensorDataDemo */,
			);
			path = Demos;
			sourceTree = "<group>";
		};
		5FA3B0002AFAAAD500F5295C /* DeviceDetail */ = {
			isa = PBXGroup;
			children = (
				5F426ED22AF1F51D00E58F15 /* DeviceDetail.swift */,
				5FA3AFFC2AFAAA2800F5295C /* DeviceWifiInformationSection.swift */,
				5FA3AFF82AFAA97800F5295C /* DeviceInformationSection.swift */,
				5FA3B0022AFAAB6E00F5295C /* DeviceDemosSection.swift */,
			);
			path = DeviceDetail;
			sourceTree = "<group>";
		};
		5FA3B0012AFAAAF000F5295C /* DeviceDiscovery */ = {
			isa = PBXGroup;
			children = (
				5FFBE8102AF160CF00F8CBD7 /* DeviceDiscovery.swift */,
				5F426ECE2AF17CEA00E58F15 /* DiscoveredDeviceRow.swift */,
			);
			path = DeviceDiscovery;
			sourceTree = "<group>";
		};
		5FCC84A22AFC412600B755FA /* SensorDataDemo */ = {
			isa = PBXGroup;
			children = (
				5F76163F2AFAB083000E1A80 /* SensorDataDemo.swift */,
				5FCC84A72AFC426000B755FA /* MotionDataSection.swift */,
				5FCC84AF2AFC445C00B755FA /* PressureDataSection.swift */,
				5FCC84A32AFC414100B755FA /* MotionCalibrationSection.swift */,
			);
			path = SensorDataDemo;
			sourceTree = "<group>";
		};
		5FF24DE42AF4110D009FAA0E /* Utils */ = {
			isa = PBXGroup;
			children = (
				5FF24DE52AF41127009FAA0E /* LabelSpacing.swift */,
			);
			path = Utils;
			sourceTree = "<group>";
		};
		5FF58F272ADE51D900AD2941 = {
			isa = PBXGroup;
			children = (
				5FF58F322ADE51D900AD2941 /* UkatonSwiftDemo */,
				5FF58F4C2ADF13E700AD2941 /* MacUkatonSwiftDemo */,
				5FF58F622ADF182F00AD2941 /* WatchUkatonSwiftDemo Watch App */,
				5FF58F312ADE51D900AD2941 /* Products */,
				5F2B871D2AE18E2100BF304B /* Frameworks */,
			);
			sourceTree = "<group>";
		};
		5FF58F312ADE51D900AD2941 /* Products */ = {
			isa = PBXGroup;
			children = (
				5FF58F302ADE51D900AD2941 /* UkatonSwiftDemo.app */,
				5FF58F4B2ADF13E700AD2941 /* MacUkatonSwiftDemo.app */,
				5FF58F612ADF182F00AD2941 /* WatchUkatonSwiftDemo Watch App.app */,
			);
			name = Products;
			sourceTree = "<group>";
		};
		5FF58F322ADE51D900AD2941 /* UkatonSwiftDemo */ = {
			isa = PBXGroup;
			children = (
				5FF58F442ADF04B900AD2941 /* Views */,
				5FF58F432ADEFD2900AD2941 /* Info.plist */,
				5FF58F332ADE51D900AD2941 /* UkatonSwiftDemoApp.swift */,
				5FF58F352ADE51D900AD2941 /* ContentView.swift */,
				5FF58F372ADE51DA00AD2941 /* Assets.xcassets */,
				5FF58F392ADE51DA00AD2941 /* UkatonSwiftDemo.entitlements */,
				5FF58F3A2ADE51DA00AD2941 /* Preview Content */,
			);
			path = UkatonSwiftDemo;
			sourceTree = "<group>";
		};
		5FF58F3A2ADE51DA00AD2941 /* Preview Content */ = {
			isa = PBXGroup;
			children = (
				5FF58F3B2ADE51DA00AD2941 /* Preview Assets.xcassets */,
			);
			path = "Preview Content";
			sourceTree = "<group>";
		};
		5FF58F442ADF04B900AD2941 /* Views */ = {
			isa = PBXGroup;
			children = (
				5FA3B0012AFAAAF000F5295C /* DeviceDiscovery */,
				5FA3B0002AFAAAD500F5295C /* DeviceDetail */,
				5FA3AFF62AF9937B00F5295C /* Demos */,
				5FF24DE42AF4110D009FAA0E /* Utils */,
			);
			path = Views;
			sourceTree = "<group>";
		};
		5FF58F4C2ADF13E700AD2941 /* MacUkatonSwiftDemo */ = {
			isa = PBXGroup;
			children = (
				5FF58F5C2ADF164900AD2941 /* Info.plist */,
				5FF58F4D2ADF13E700AD2941 /* MacUkatonSwiftDemoApp.swift */,
				5FF58F4F2ADF13E700AD2941 /* ContentView.swift */,
				5FF58F562ADF13E800AD2941 /* MacUkatonSwiftDemo.entitlements */,
				5FF58F532ADF13E800AD2941 /* Preview Content */,
			);
			path = MacUkatonSwiftDemo;
			sourceTree = "<group>";
		};
		5FF58F532ADF13E800AD2941 /* Preview Content */ = {
			isa = PBXGroup;
			children = (
				5FF58F542ADF13E800AD2941 /* Preview Assets.xcassets */,
			);
			path = "Preview Content";
			sourceTree = "<group>";
		};
		5FF58F622ADF182F00AD2941 /* WatchUkatonSwiftDemo Watch App */ = {
			isa = PBXGroup;
			children = (
				5FF58F732ADF185600AD2941 /* WatchUkatonSwiftDemo-Watch-App-Info.plist */,
				5FF58F632ADF182F00AD2941 /* WatchUkatonSwiftDemoApp.swift */,
				5FF58F652ADF182F00AD2941 /* ContentView.swift */,
				5FF58F692ADF183000AD2941 /* Preview Content */,
			);
			path = "WatchUkatonSwiftDemo Watch App";
			sourceTree = "<group>";
		};
		5FF58F692ADF183000AD2941 /* Preview Content */ = {
			isa = PBXGroup;
			children = (
				5FF58F6A2ADF183000AD2941 /* Preview Assets.xcassets */,
			);
			path = "Preview Content";
			sourceTree = "<group>";
		};
/* End PBXGroup section */

/* Begin PBXNativeTarget section */
		5FF58F2F2ADE51D900AD2941 /* UkatonSwiftDemo */ = {
			isa = PBXNativeTarget;
			buildConfigurationList = 5FF58F3F2ADE51DA00AD2941 /* Build configuration list for PBXNativeTarget "UkatonSwiftDemo" */;
			buildPhases = (
				5FF58F2C2ADE51D900AD2941 /* Sources */,
				5FF58F2D2ADE51D900AD2941 /* Frameworks */,
				5FF58F2E2ADE51D900AD2941 /* Resources */,
				5FF58F722ADF183000AD2941 /* Embed Watch Content */,
			);
			buildRules = (
			);
			dependencies = (
				5FF58F6D2ADF183000AD2941 /* PBXTargetDependency */,
			);
			name = UkatonSwiftDemo;
			packageProductDependencies = (
				5F2B871B2AE18DFA00BF304B /* UkatonKit */,
			);
			productName = UkatonSwiftDemo;
			productReference = 5FF58F302ADE51D900AD2941 /* UkatonSwiftDemo.app */;
			productType = "com.apple.product-type.application";
		};
		5FF58F4A2ADF13E700AD2941 /* MacUkatonSwiftDemo */ = {
			isa = PBXNativeTarget;
			buildConfigurationList = 5FF58F572ADF13E800AD2941 /* Build configuration list for PBXNativeTarget "MacUkatonSwiftDemo" */;
			buildPhases = (
				5FF58F472ADF13E700AD2941 /* Sources */,
				5FF58F482ADF13E700AD2941 /* Frameworks */,
				5FF58F492ADF13E700AD2941 /* Resources */,
			);
			buildRules = (
			);
			dependencies = (
			);
			name = MacUkatonSwiftDemo;
			packageProductDependencies = (
				5F2B871E2AE18E2100BF304B /* UkatonKit */,
			);
			productName = MacUkatonSwiftDemo;
			productReference = 5FF58F4B2ADF13E700AD2941 /* MacUkatonSwiftDemo.app */;
			productType = "com.apple.product-type.application";
		};
		5FF58F602ADF182F00AD2941 /* WatchUkatonSwiftDemo Watch App */ = {
			isa = PBXNativeTarget;
			buildConfigurationList = 5FF58F6F2ADF183000AD2941 /* Build configuration list for PBXNativeTarget "WatchUkatonSwiftDemo Watch App" */;
			buildPhases = (
				5FF58F5D2ADF182F00AD2941 /* Sources */,
				5FF58F5E2ADF182F00AD2941 /* Frameworks */,
				5FF58F5F2ADF182F00AD2941 /* Resources */,
			);
			buildRules = (
			);
			dependencies = (
			);
			name = "WatchUkatonSwiftDemo Watch App";
			packageProductDependencies = (
				5F2B87202AE18E2600BF304B /* UkatonKit */,
			);
			productName = "WatchUkatonSwiftDemo Watch App";
			productReference = 5FF58F612ADF182F00AD2941 /* WatchUkatonSwiftDemo Watch App.app */;
			productType = "com.apple.product-type.application";
		};
/* End PBXNativeTarget section */

/* Begin PBXProject section */
		5FF58F282ADE51D900AD2941 /* Project object */ = {
			isa = PBXProject;
			attributes = {
				BuildIndependentTargetsInParallel = 1;
				LastSwiftUpdateCheck = 1500;
				LastUpgradeCheck = 1500;
				TargetAttributes = {
					5FF58F2F2ADE51D900AD2941 = {
						CreatedOnToolsVersion = 15.0;
					};
					5FF58F4A2ADF13E700AD2941 = {
						CreatedOnToolsVersion = 15.0;
					};
					5FF58F602ADF182F00AD2941 = {
						CreatedOnToolsVersion = 15.0;
					};
				};
			};
			buildConfigurationList = 5FF58F2B2ADE51D900AD2941 /* Build configuration list for PBXProject "UkatonSwiftDemo" */;
			compatibilityVersion = "Xcode 14.0";
			developmentRegion = en;
			hasScannedForEncodings = 0;
			knownRegions = (
				en,
				Base,
			);
			mainGroup = 5FF58F272ADE51D900AD2941;
			packageReferences = (
				5F2B871A2AE18DFA00BF304B /* XCLocalSwiftPackageReference "../UkatonKit" */,
			);
			productRefGroup = 5FF58F312ADE51D900AD2941 /* Products */;
			projectDirPath = "";
			projectRoot = "";
			targets = (
				5FF58F2F2ADE51D900AD2941 /* UkatonSwiftDemo */,
				5FF58F4A2ADF13E700AD2941 /* MacUkatonSwiftDemo */,
				5FF58F602ADF182F00AD2941 /* WatchUkatonSwiftDemo Watch App */,
			);
		};
/* End PBXProject section */

/* Begin PBXResourcesBuildPhase section */
		5FF58F2E2ADE51D900AD2941 /* Resources */ = {
			isa = PBXResourcesBuildPhase;
			buildActionMask = 2147483647;
			files = (
				5FF58F3C2ADE51DA00AD2941 /* Preview Assets.xcassets in Resources */,
				5FF58F382ADE51DA00AD2941 /* Assets.xcassets in Resources */,
			);
			runOnlyForDeploymentPostprocessing = 0;
		};
		5FF58F492ADF13E700AD2941 /* Resources */ = {
			isa = PBXResourcesBuildPhase;
			buildActionMask = 2147483647;
			files = (
				5FF58F782ADF1F1800AD2941 /* Assets.xcassets in Resources */,
				5FF58F552ADF13E800AD2941 /* Preview Assets.xcassets in Resources */,
			);
			runOnlyForDeploymentPostprocessing = 0;
		};
		5FF58F5F2ADF182F00AD2941 /* Resources */ = {
			isa = PBXResourcesBuildPhase;
			buildActionMask = 2147483647;
			files = (
				5FF58F772ADF1BF300AD2941 /* Assets.xcassets in Resources */,
				5FF58F6B2ADF183000AD2941 /* Preview Assets.xcassets in Resources */,
			);
			runOnlyForDeploymentPostprocessing = 0;
		};
/* End PBXResourcesBuildPhase section */

/* Begin PBXSourcesBuildPhase section */
		5FF58F2C2ADE51D900AD2941 /* Sources */ = {
			isa = PBXSourcesBuildPhase;
			buildActionMask = 2147483647;
			files = (
				5FFBE8112AF160CF00F8CBD7 /* DeviceDiscovery.swift in Sources */,
				5F426ED42AF1F53300E58F15 /* DeviceDetail.swift in Sources */,
				5FF24DE62AF41127009FAA0E /* LabelSpacing.swift in Sources */,
				5FA3B0032AFAAB6E00F5295C /* DeviceDemosSection.swift in Sources */,
				5FCC84A42AFC414100B755FA /* MotionCalibrationSection.swift in Sources */,
				5F7616402AFAB083000E1A80 /* SensorDataDemo.swift in Sources */,
				5FA3AFFD2AFAAA2800F5295C /* DeviceWifiInformationSection.swift in Sources */,
				5FF58F362ADE51D900AD2941 /* ContentView.swift in Sources */,
				5FCC84A82AFC426000B755FA /* MotionDataSection.swift in Sources */,
				5F426ECF2AF17CEA00E58F15 /* DiscoveredDeviceRow.swift in Sources */,
				5FF58F342ADE51D900AD2941 /* UkatonSwiftDemoApp.swift in Sources */,
				5FA3AFF92AFAA97800F5295C /* DeviceInformationSection.swift in Sources */,
				5FCC84B02AFC445C00B755FA /* PressureDataSection.swift in Sources */,
			);
			runOnlyForDeploymentPostprocessing = 0;
		};
		5FF58F472ADF13E700AD2941 /* Sources */ = {
			isa = PBXSourcesBuildPhase;
			buildActionMask = 2147483647;
			files = (
				5FFBE8122AF160CF00F8CBD7 /* DeviceDiscovery.swift in Sources */,
				5F426ED32AF1F51D00E58F15 /* DeviceDetail.swift in Sources */,
				5FF24DE72AF41127009FAA0E /* LabelSpacing.swift in Sources */,
				5FA3B0042AFAAB6E00F5295C /* DeviceDemosSection.swift in Sources */,
				5FCC84A52AFC414100B755FA /* MotionCalibrationSection.swift in Sources */,
				5F7616412AFAB083000E1A80 /* SensorDataDemo.swift in Sources */,
				5FA3AFFE2AFAAA2800F5295C /* DeviceWifiInformationSection.swift in Sources */,
				5FF58F5B2ADF140C00AD2941 /* UkatonSwiftDemoApp.swift in Sources */,
				5FCC84A92AFC426000B755FA /* MotionDataSection.swift in Sources */,
				5F2B87182AE18C7000BF304B /* ContentView.swift in Sources */,
				5F426ED02AF17D4E00E58F15 /* DiscoveredDeviceRow.swift in Sources */,
				5FA3AFFA2AFAA97800F5295C /* DeviceInformationSection.swift in Sources */,
				5FCC84B12AFC445C00B755FA /* PressureDataSection.swift in Sources */,
			);
			runOnlyForDeploymentPostprocessing = 0;
		};
		5FF58F5D2ADF182F00AD2941 /* Sources */ = {
			isa = PBXSourcesBuildPhase;
			buildActionMask = 2147483647;
			files = (
				5FFBE8132AF160CF00F8CBD7 /* DeviceDiscovery.swift in Sources */,
				5F426ED52AF1F53800E58F15 /* DeviceDetail.swift in Sources */,
				5FF24DE82AF41127009FAA0E /* LabelSpacing.swift in Sources */,
				5FA3B0052AFAAB6E00F5295C /* DeviceDemosSection.swift in Sources */,
				5FCC84A62AFC414100B755FA /* MotionCalibrationSection.swift in Sources */,
				5F7616422AFAB083000E1A80 /* SensorDataDemo.swift in Sources */,
				5FA3AFFF2AFAAA2800F5295C /* DeviceWifiInformationSection.swift in Sources */,
				5FF58F752ADF18A000AD2941 /* UkatonSwiftDemoApp.swift in Sources */,
				5FCC84AA2AFC426000B755FA /* MotionDataSection.swift in Sources */,
				5F2B87192AE18C7100BF304B /* ContentView.swift in Sources */,
				5F426ED12AF17D4F00E58F15 /* DiscoveredDeviceRow.swift in Sources */,
				5FA3AFFB2AFAA97800F5295C /* DeviceInformationSection.swift in Sources */,
				5FCC84B22AFC445C00B755FA /* PressureDataSection.swift in Sources */,
			);
			runOnlyForDeploymentPostprocessing = 0;
		};
/* End PBXSourcesBuildPhase section */

/* Begin PBXTargetDependency section */
		5FF58F6D2ADF183000AD2941 /* PBXTargetDependency */ = {
			isa = PBXTargetDependency;
			target = 5FF58F602ADF182F00AD2941 /* WatchUkatonSwiftDemo Watch App */;
			targetProxy = 5FF58F6C2ADF183000AD2941 /* PBXContainerItemProxy */;
		};
/* End PBXTargetDependency section */

/* Begin XCBuildConfiguration section */
		5FF58F3D2ADE51DA00AD2941 /* Debug */ = {
			isa = XCBuildConfiguration;
			buildSettings = {
				ALWAYS_SEARCH_USER_PATHS = NO;
				ASSETCATALOG_COMPILER_GENERATE_SWIFT_ASSET_SYMBOL_EXTENSIONS = YES;
				CLANG_ANALYZER_NONNULL = YES;
				CLANG_ANALYZER_NUMBER_OBJECT_CONVERSION = YES_AGGRESSIVE;
				CLANG_CXX_LANGUAGE_STANDARD = "gnu++20";
				CLANG_ENABLE_MODULES = YES;
				CLANG_ENABLE_OBJC_ARC = YES;
				CLANG_ENABLE_OBJC_WEAK = YES;
				CLANG_WARN_BLOCK_CAPTURE_AUTORELEASING = YES;
				CLANG_WARN_BOOL_CONVERSION = YES;
				CLANG_WARN_COMMA = YES;
				CLANG_WARN_CONSTANT_CONVERSION = YES;
				CLANG_WARN_DEPRECATED_OBJC_IMPLEMENTATIONS = YES;
				CLANG_WARN_DIRECT_OBJC_ISA_USAGE = YES_ERROR;
				CLANG_WARN_DOCUMENTATION_COMMENTS = YES;
				CLANG_WARN_EMPTY_BODY = YES;
				CLANG_WARN_ENUM_CONVERSION = YES;
				CLANG_WARN_INFINITE_RECURSION = YES;
				CLANG_WARN_INT_CONVERSION = YES;
				CLANG_WARN_NON_LITERAL_NULL_CONVERSION = YES;
				CLANG_WARN_OBJC_IMPLICIT_RETAIN_SELF = YES;
				CLANG_WARN_OBJC_LITERAL_CONVERSION = YES;
				CLANG_WARN_OBJC_ROOT_CLASS = YES_ERROR;
				CLANG_WARN_QUOTED_INCLUDE_IN_FRAMEWORK_HEADER = YES;
				CLANG_WARN_RANGE_LOOP_ANALYSIS = YES;
				CLANG_WARN_STRICT_PROTOTYPES = YES;
				CLANG_WARN_SUSPICIOUS_MOVE = YES;
				CLANG_WARN_UNGUARDED_AVAILABILITY = YES_AGGRESSIVE;
				CLANG_WARN_UNREACHABLE_CODE = YES;
				CLANG_WARN__DUPLICATE_METHOD_MATCH = YES;
				COPY_PHASE_STRIP = NO;
				DEBUG_INFORMATION_FORMAT = dwarf;
				ENABLE_STRICT_OBJC_MSGSEND = YES;
				ENABLE_TESTABILITY = YES;
				ENABLE_USER_SCRIPT_SANDBOXING = YES;
				GCC_C_LANGUAGE_STANDARD = gnu17;
				GCC_DYNAMIC_NO_PIC = NO;
				GCC_NO_COMMON_BLOCKS = YES;
				GCC_OPTIMIZATION_LEVEL = 0;
				GCC_PREPROCESSOR_DEFINITIONS = (
					"DEBUG=1",
					"$(inherited)",
				);
				GCC_WARN_64_TO_32_BIT_CONVERSION = YES;
				GCC_WARN_ABOUT_RETURN_TYPE = YES_ERROR;
				GCC_WARN_UNDECLARED_SELECTOR = YES;
				GCC_WARN_UNINITIALIZED_AUTOS = YES_AGGRESSIVE;
				GCC_WARN_UNUSED_FUNCTION = YES;
				GCC_WARN_UNUSED_VARIABLE = YES;
				LOCALIZATION_PREFERS_STRING_CATALOGS = YES;
				MTL_ENABLE_DEBUG_INFO = INCLUDE_SOURCE;
				MTL_FAST_MATH = YES;
				ONLY_ACTIVE_ARCH = YES;
				SWIFT_ACTIVE_COMPILATION_CONDITIONS = "DEBUG $(inherited)";
				SWIFT_OPTIMIZATION_LEVEL = "-Onone";
			};
			name = Debug;
		};
		5FF58F3E2ADE51DA00AD2941 /* Release */ = {
			isa = XCBuildConfiguration;
			buildSettings = {
				ALWAYS_SEARCH_USER_PATHS = NO;
				ASSETCATALOG_COMPILER_GENERATE_SWIFT_ASSET_SYMBOL_EXTENSIONS = YES;
				CLANG_ANALYZER_NONNULL = YES;
				CLANG_ANALYZER_NUMBER_OBJECT_CONVERSION = YES_AGGRESSIVE;
				CLANG_CXX_LANGUAGE_STANDARD = "gnu++20";
				CLANG_ENABLE_MODULES = YES;
				CLANG_ENABLE_OBJC_ARC = YES;
				CLANG_ENABLE_OBJC_WEAK = YES;
				CLANG_WARN_BLOCK_CAPTURE_AUTORELEASING = YES;
				CLANG_WARN_BOOL_CONVERSION = YES;
				CLANG_WARN_COMMA = YES;
				CLANG_WARN_CONSTANT_CONVERSION = YES;
				CLANG_WARN_DEPRECATED_OBJC_IMPLEMENTATIONS = YES;
				CLANG_WARN_DIRECT_OBJC_ISA_USAGE = YES_ERROR;
				CLANG_WARN_DOCUMENTATION_COMMENTS = YES;
				CLANG_WARN_EMPTY_BODY = YES;
				CLANG_WARN_ENUM_CONVERSION = YES;
				CLANG_WARN_INFINITE_RECURSION = YES;
				CLANG_WARN_INT_CONVERSION = YES;
				CLANG_WARN_NON_LITERAL_NULL_CONVERSION = YES;
				CLANG_WARN_OBJC_IMPLICIT_RETAIN_SELF = YES;
				CLANG_WARN_OBJC_LITERAL_CONVERSION = YES;
				CLANG_WARN_OBJC_ROOT_CLASS = YES_ERROR;
				CLANG_WARN_QUOTED_INCLUDE_IN_FRAMEWORK_HEADER = YES;
				CLANG_WARN_RANGE_LOOP_ANALYSIS = YES;
				CLANG_WARN_STRICT_PROTOTYPES = YES;
				CLANG_WARN_SUSPICIOUS_MOVE = YES;
				CLANG_WARN_UNGUARDED_AVAILABILITY = YES_AGGRESSIVE;
				CLANG_WARN_UNREACHABLE_CODE = YES;
				CLANG_WARN__DUPLICATE_METHOD_MATCH = YES;
				COPY_PHASE_STRIP = NO;
				DEBUG_INFORMATION_FORMAT = "dwarf-with-dsym";
				ENABLE_NS_ASSERTIONS = NO;
				ENABLE_STRICT_OBJC_MSGSEND = YES;
				ENABLE_USER_SCRIPT_SANDBOXING = YES;
				GCC_C_LANGUAGE_STANDARD = gnu17;
				GCC_NO_COMMON_BLOCKS = YES;
				GCC_WARN_64_TO_32_BIT_CONVERSION = YES;
				GCC_WARN_ABOUT_RETURN_TYPE = YES_ERROR;
				GCC_WARN_UNDECLARED_SELECTOR = YES;
				GCC_WARN_UNINITIALIZED_AUTOS = YES_AGGRESSIVE;
				GCC_WARN_UNUSED_FUNCTION = YES;
				GCC_WARN_UNUSED_VARIABLE = YES;
				LOCALIZATION_PREFERS_STRING_CATALOGS = YES;
				MTL_ENABLE_DEBUG_INFO = NO;
				MTL_FAST_MATH = YES;
				SWIFT_COMPILATION_MODE = wholemodule;
			};
			name = Release;
		};
		5FF58F402ADE51DA00AD2941 /* Debug */ = {
			isa = XCBuildConfiguration;
			buildSettings = {
				ALWAYS_EMBED_SWIFT_STANDARD_LIBRARIES = YES;
				ASSETCATALOG_COMPILER_APPICON_NAME = AppIcon;
				ASSETCATALOG_COMPILER_GLOBAL_ACCENT_COLOR_NAME = AccentColor;
				CODE_SIGN_ENTITLEMENTS = UkatonSwiftDemo/UkatonSwiftDemo.entitlements;
				CODE_SIGN_STYLE = Automatic;
				CURRENT_PROJECT_VERSION = 1;
				DEVELOPMENT_ASSET_PATHS = "\"UkatonSwiftDemo/Preview Content\"";
				DEVELOPMENT_TEAM = MG88YM735Y;
				ENABLE_HARDENED_RUNTIME = YES;
				ENABLE_PREVIEWS = YES;
				GENERATE_INFOPLIST_FILE = YES;
				INFOPLIST_FILE = UkatonSwiftDemo/Info.plist;
				INFOPLIST_KEY_CFBundleDisplayName = "Ukaton Swift Demo";
				INFOPLIST_KEY_LSApplicationCategoryType = "public.app-category.developer-tools";
				INFOPLIST_KEY_NSBluetoothAlwaysUsageDescription = "We use bluetooth to access Ukaton Mission devices";
				INFOPLIST_KEY_NSBluetoothPeripheralUsageDescription = "We use bluetooth to access Ukaton Mission devices";
				"INFOPLIST_KEY_UIApplicationSceneManifest_Generation[sdk=iphoneos*]" = YES;
				"INFOPLIST_KEY_UIApplicationSceneManifest_Generation[sdk=iphonesimulator*]" = YES;
				"INFOPLIST_KEY_UIApplicationSupportsIndirectInputEvents[sdk=iphoneos*]" = YES;
				"INFOPLIST_KEY_UIApplicationSupportsIndirectInputEvents[sdk=iphonesimulator*]" = YES;
				"INFOPLIST_KEY_UILaunchScreen_Generation[sdk=iphoneos*]" = YES;
				"INFOPLIST_KEY_UILaunchScreen_Generation[sdk=iphonesimulator*]" = YES;
				"INFOPLIST_KEY_UIStatusBarStyle[sdk=iphoneos*]" = UIStatusBarStyleDefault;
				"INFOPLIST_KEY_UIStatusBarStyle[sdk=iphonesimulator*]" = UIStatusBarStyleDefault;
				INFOPLIST_KEY_UISupportedInterfaceOrientations_iPad = "UIInterfaceOrientationPortrait UIInterfaceOrientationPortraitUpsideDown UIInterfaceOrientationLandscapeLeft UIInterfaceOrientationLandscapeRight";
				INFOPLIST_KEY_UISupportedInterfaceOrientations_iPhone = "UIInterfaceOrientationPortrait UIInterfaceOrientationLandscapeLeft UIInterfaceOrientationLandscapeRight";
				IPHONEOS_DEPLOYMENT_TARGET = 17.0;
				LD_RUNPATH_SEARCH_PATHS = "@executable_path/Frameworks";
				"LD_RUNPATH_SEARCH_PATHS[sdk=macosx*]" = "@executable_path/../Frameworks";
				MACOSX_DEPLOYMENT_TARGET = 14.0;
				MARKETING_VERSION = 1.0;
				PRODUCT_BUNDLE_IDENTIFIER = com.ukaton.demo.UkatonSwiftDemo;
				PRODUCT_NAME = "$(TARGET_NAME)";
				SDKROOT = auto;
				SUPPORTED_PLATFORMS = "iphoneos iphonesimulator macosx";
				SWIFT_EMIT_LOC_STRINGS = YES;
				SWIFT_VERSION = 5.0;
				TARGETED_DEVICE_FAMILY = "1,2";
			};
			name = Debug;
		};
		5FF58F412ADE51DA00AD2941 /* Release */ = {
			isa = XCBuildConfiguration;
			buildSettings = {
				ALWAYS_EMBED_SWIFT_STANDARD_LIBRARIES = YES;
				ASSETCATALOG_COMPILER_APPICON_NAME = AppIcon;
				ASSETCATALOG_COMPILER_GLOBAL_ACCENT_COLOR_NAME = AccentColor;
				CODE_SIGN_ENTITLEMENTS = UkatonSwiftDemo/UkatonSwiftDemo.entitlements;
				CODE_SIGN_STYLE = Automatic;
				CURRENT_PROJECT_VERSION = 1;
				DEVELOPMENT_ASSET_PATHS = "\"UkatonSwiftDemo/Preview Content\"";
				DEVELOPMENT_TEAM = MG88YM735Y;
				ENABLE_HARDENED_RUNTIME = YES;
				ENABLE_PREVIEWS = YES;
				GENERATE_INFOPLIST_FILE = YES;
				INFOPLIST_FILE = UkatonSwiftDemo/Info.plist;
				INFOPLIST_KEY_CFBundleDisplayName = "Ukaton Swift Demo";
				INFOPLIST_KEY_LSApplicationCategoryType = "public.app-category.developer-tools";
				INFOPLIST_KEY_NSBluetoothAlwaysUsageDescription = "We use bluetooth to access Ukaton Mission devices";
				INFOPLIST_KEY_NSBluetoothPeripheralUsageDescription = "We use bluetooth to access Ukaton Mission devices";
				"INFOPLIST_KEY_UIApplicationSceneManifest_Generation[sdk=iphoneos*]" = YES;
				"INFOPLIST_KEY_UIApplicationSceneManifest_Generation[sdk=iphonesimulator*]" = YES;
				"INFOPLIST_KEY_UIApplicationSupportsIndirectInputEvents[sdk=iphoneos*]" = YES;
				"INFOPLIST_KEY_UIApplicationSupportsIndirectInputEvents[sdk=iphonesimulator*]" = YES;
				"INFOPLIST_KEY_UILaunchScreen_Generation[sdk=iphoneos*]" = YES;
				"INFOPLIST_KEY_UILaunchScreen_Generation[sdk=iphonesimulator*]" = YES;
				"INFOPLIST_KEY_UIStatusBarStyle[sdk=iphoneos*]" = UIStatusBarStyleDefault;
				"INFOPLIST_KEY_UIStatusBarStyle[sdk=iphonesimulator*]" = UIStatusBarStyleDefault;
				INFOPLIST_KEY_UISupportedInterfaceOrientations_iPad = "UIInterfaceOrientationPortrait UIInterfaceOrientationPortraitUpsideDown UIInterfaceOrientationLandscapeLeft UIInterfaceOrientationLandscapeRight";
				INFOPLIST_KEY_UISupportedInterfaceOrientations_iPhone = "UIInterfaceOrientationPortrait UIInterfaceOrientationLandscapeLeft UIInterfaceOrientationLandscapeRight";
				IPHONEOS_DEPLOYMENT_TARGET = 17.0;
				LD_RUNPATH_SEARCH_PATHS = "@executable_path/Frameworks";
				"LD_RUNPATH_SEARCH_PATHS[sdk=macosx*]" = "@executable_path/../Frameworks";
				MACOSX_DEPLOYMENT_TARGET = 14.0;
				MARKETING_VERSION = 1.0;
				PRODUCT_BUNDLE_IDENTIFIER = com.ukaton.demo.UkatonSwiftDemo;
				PRODUCT_NAME = "$(TARGET_NAME)";
				SDKROOT = auto;
				SUPPORTED_PLATFORMS = "iphoneos iphonesimulator macosx";
				SWIFT_EMIT_LOC_STRINGS = YES;
				SWIFT_VERSION = 5.0;
				TARGETED_DEVICE_FAMILY = "1,2";
			};
			name = Release;
		};
		5FF58F582ADF13E800AD2941 /* Debug */ = {
			isa = XCBuildConfiguration;
			buildSettings = {
				ASSETCATALOG_COMPILER_APPICON_NAME = AppIcon;
				ASSETCATALOG_COMPILER_GLOBAL_ACCENT_COLOR_NAME = AccentColor;
				ASSETCATALOG_COMPILER_INCLUDE_ALL_APPICON_ASSETS = NO;
				CODE_SIGN_ENTITLEMENTS = MacUkatonSwiftDemo/MacUkatonSwiftDemo.entitlements;
				CODE_SIGN_STYLE = Automatic;
				COMBINE_HIDPI_IMAGES = YES;
				CURRENT_PROJECT_VERSION = 1;
				DEVELOPMENT_ASSET_PATHS = "\"MacUkatonSwiftDemo/Preview Content\"";
				DEVELOPMENT_TEAM = MG88YM735Y;
				ENABLE_HARDENED_RUNTIME = YES;
				ENABLE_PREVIEWS = YES;
				GENERATE_INFOPLIST_FILE = YES;
				INFOPLIST_FILE = MacUkatonSwiftDemo/Info.plist;
				INFOPLIST_KEY_CFBundleDisplayName = "Ukaton Swift Demo";
				INFOPLIST_KEY_LSApplicationCategoryType = "public.app-category.developer-tools";
				INFOPLIST_KEY_NSBluetoothAlwaysUsageDescription = "We use bluetooth to detect Ukaton Mission devices";
				INFOPLIST_KEY_NSBluetoothPeripheralUsageDescription = "We use bluetooth to detect Ukaton Mission devices";
				INFOPLIST_KEY_NSHumanReadableCopyright = "";
				LD_RUNPATH_SEARCH_PATHS = (
					"$(inherited)",
					"@executable_path/../Frameworks",
				);
				MACOSX_DEPLOYMENT_TARGET = 14.0;
				MARKETING_VERSION = 1.0;
				PRODUCT_BUNDLE_IDENTIFIER = com.ukaton.demo.MacUkatonSwiftDemo;
				PRODUCT_NAME = "$(TARGET_NAME)";
				SDKROOT = macosx;
				SWIFT_EMIT_LOC_STRINGS = YES;
				SWIFT_VERSION = 5.0;
			};
			name = Debug;
		};
		5FF58F592ADF13E800AD2941 /* Release */ = {
			isa = XCBuildConfiguration;
			buildSettings = {
				ASSETCATALOG_COMPILER_APPICON_NAME = AppIcon;
				ASSETCATALOG_COMPILER_GLOBAL_ACCENT_COLOR_NAME = AccentColor;
				ASSETCATALOG_COMPILER_INCLUDE_ALL_APPICON_ASSETS = NO;
				CODE_SIGN_ENTITLEMENTS = MacUkatonSwiftDemo/MacUkatonSwiftDemo.entitlements;
				CODE_SIGN_STYLE = Automatic;
				COMBINE_HIDPI_IMAGES = YES;
				CURRENT_PROJECT_VERSION = 1;
				DEVELOPMENT_ASSET_PATHS = "\"MacUkatonSwiftDemo/Preview Content\"";
				DEVELOPMENT_TEAM = MG88YM735Y;
				ENABLE_HARDENED_RUNTIME = YES;
				ENABLE_PREVIEWS = YES;
				GENERATE_INFOPLIST_FILE = YES;
				INFOPLIST_FILE = MacUkatonSwiftDemo/Info.plist;
				INFOPLIST_KEY_CFBundleDisplayName = "Ukaton Swift Demo";
				INFOPLIST_KEY_LSApplicationCategoryType = "public.app-category.developer-tools";
				INFOPLIST_KEY_NSBluetoothAlwaysUsageDescription = "We use bluetooth to detect Ukaton Mission devices";
				INFOPLIST_KEY_NSBluetoothPeripheralUsageDescription = "We use bluetooth to detect Ukaton Mission devices";
				INFOPLIST_KEY_NSHumanReadableCopyright = "";
				LD_RUNPATH_SEARCH_PATHS = (
					"$(inherited)",
					"@executable_path/../Frameworks",
				);
				MACOSX_DEPLOYMENT_TARGET = 14.0;
				MARKETING_VERSION = 1.0;
				PRODUCT_BUNDLE_IDENTIFIER = com.ukaton.demo.MacUkatonSwiftDemo;
				PRODUCT_NAME = "$(TARGET_NAME)";
				SDKROOT = macosx;
				SWIFT_EMIT_LOC_STRINGS = YES;
				SWIFT_VERSION = 5.0;
			};
			name = Release;
		};
		5FF58F702ADF183000AD2941 /* Debug */ = {
			isa = XCBuildConfiguration;
			buildSettings = {
				ASSETCATALOG_COMPILER_APPICON_NAME = AppIcon;
				ASSETCATALOG_COMPILER_GLOBAL_ACCENT_COLOR_NAME = AccentColor;
				CODE_SIGN_STYLE = Automatic;
				CURRENT_PROJECT_VERSION = 1;
				DEVELOPMENT_ASSET_PATHS = "\"WatchUkatonSwiftDemo Watch App/Preview Content\"";
				DEVELOPMENT_TEAM = MG88YM735Y;
				ENABLE_PREVIEWS = YES;
				GENERATE_INFOPLIST_FILE = YES;
				INFOPLIST_FILE = "WatchUkatonSwiftDemo-Watch-App-Info.plist";
				INFOPLIST_KEY_CFBundleDisplayName = "Ukaton Swift Demo";
				INFOPLIST_KEY_NSBluetoothAlwaysUsageDescription = "We use Bluetooth to detect Ukaton Mission devices";
				INFOPLIST_KEY_NSBluetoothPeripheralUsageDescription = "We use Bluetooth to detect Ukaton Mission devices";
				INFOPLIST_KEY_UISupportedInterfaceOrientations = "UIInterfaceOrientationPortrait UIInterfaceOrientationPortraitUpsideDown";
				INFOPLIST_KEY_WKCompanionAppBundleIdentifier = com.ukaton.demo.UkatonSwiftDemo;
				INFOPLIST_KEY_WKRunsIndependentlyOfCompanionApp = YES;
				LD_RUNPATH_SEARCH_PATHS = (
					"$(inherited)",
					"@executable_path/Frameworks",
				);
				MARKETING_VERSION = 1.0;
				PRODUCT_BUNDLE_IDENTIFIER = com.ukaton.demo.UkatonSwiftDemo.watchkitapp;
				PRODUCT_NAME = "$(TARGET_NAME)";
				SDKROOT = watchos;
				SKIP_INSTALL = YES;
				SWIFT_EMIT_LOC_STRINGS = YES;
				SWIFT_VERSION = 5.0;
				TARGETED_DEVICE_FAMILY = 4;
				WATCHOS_DEPLOYMENT_TARGET = 10.0;
			};
			name = Debug;
		};
		5FF58F712ADF183000AD2941 /* Release */ = {
			isa = XCBuildConfiguration;
			buildSettings = {
				ASSETCATALOG_COMPILER_APPICON_NAME = AppIcon;
				ASSETCATALOG_COMPILER_GLOBAL_ACCENT_COLOR_NAME = AccentColor;
				CODE_SIGN_STYLE = Automatic;
				CURRENT_PROJECT_VERSION = 1;
				DEVELOPMENT_ASSET_PATHS = "\"WatchUkatonSwiftDemo Watch App/Preview Content\"";
				DEVELOPMENT_TEAM = MG88YM735Y;
				ENABLE_PREVIEWS = YES;
				GENERATE_INFOPLIST_FILE = YES;
				INFOPLIST_FILE = "WatchUkatonSwiftDemo-Watch-App-Info.plist";
				INFOPLIST_KEY_CFBundleDisplayName = "Ukaton Swift Demo";
				INFOPLIST_KEY_NSBluetoothAlwaysUsageDescription = "We use Bluetooth to detect Ukaton Mission devices";
				INFOPLIST_KEY_NSBluetoothPeripheralUsageDescription = "We use Bluetooth to detect Ukaton Mission devices";
				INFOPLIST_KEY_UISupportedInterfaceOrientations = "UIInterfaceOrientationPortrait UIInterfaceOrientationPortraitUpsideDown";
				INFOPLIST_KEY_WKCompanionAppBundleIdentifier = com.ukaton.demo.UkatonSwiftDemo;
				INFOPLIST_KEY_WKRunsIndependentlyOfCompanionApp = YES;
				LD_RUNPATH_SEARCH_PATHS = (
					"$(inherited)",
					"@executable_path/Frameworks",
				);
				MARKETING_VERSION = 1.0;
				PRODUCT_BUNDLE_IDENTIFIER = com.ukaton.demo.UkatonSwiftDemo.watchkitapp;
				PRODUCT_NAME = "$(TARGET_NAME)";
				SDKROOT = watchos;
				SKIP_INSTALL = YES;
				SWIFT_EMIT_LOC_STRINGS = YES;
				SWIFT_VERSION = 5.0;
				TARGETED_DEVICE_FAMILY = 4;
				VALIDATE_PRODUCT = YES;
				WATCHOS_DEPLOYMENT_TARGET = 10.0;
			};
			name = Release;
		};
/* End XCBuildConfiguration section */

/* Begin XCConfigurationList section */
		5FF58F2B2ADE51D900AD2941 /* Build configuration list for PBXProject "UkatonSwiftDemo" */ = {
			isa = XCConfigurationList;
			buildConfigurations = (
				5FF58F3D2ADE51DA00AD2941 /* Debug */,
				5FF58F3E2ADE51DA00AD2941 /* Release */,
			);
			defaultConfigurationIsVisible = 0;
			defaultConfigurationName = Release;
		};
		5FF58F3F2ADE51DA00AD2941 /* Build configuration list for PBXNativeTarget "UkatonSwiftDemo" */ = {
			isa = XCConfigurationList;
			buildConfigurations = (
				5FF58F402ADE51DA00AD2941 /* Debug */,
				5FF58F412ADE51DA00AD2941 /* Release */,
			);
			defaultConfigurationIsVisible = 0;
			defaultConfigurationName = Release;
		};
		5FF58F572ADF13E800AD2941 /* Build configuration list for PBXNativeTarget "MacUkatonSwiftDemo" */ = {
			isa = XCConfigurationList;
			buildConfigurations = (
				5FF58F582ADF13E800AD2941 /* Debug */,
				5FF58F592ADF13E800AD2941 /* Release */,
			);
			defaultConfigurationIsVisible = 0;
			defaultConfigurationName = Release;
		};
		5FF58F6F2ADF183000AD2941 /* Build configuration list for PBXNativeTarget "WatchUkatonSwiftDemo Watch App" */ = {
			isa = XCConfigurationList;
			buildConfigurations = (
				5FF58F702ADF183000AD2941 /* Debug */,
				5FF58F712ADF183000AD2941 /* Release */,
			);
			defaultConfigurationIsVisible = 0;
			defaultConfigurationName = Release;
		};
/* End XCConfigurationList section */

/* Begin XCLocalSwiftPackageReference section */
		5F2B871A2AE18DFA00BF304B /* XCLocalSwiftPackageReference "../UkatonKit" */ = {
			isa = XCLocalSwiftPackageReference;
			relativePath = ../UkatonKit;
		};
/* End XCLocalSwiftPackageReference section */

/* Begin XCSwiftPackageProductDependency section */
		5F2B871B2AE18DFA00BF304B /* UkatonKit */ = {
			isa = XCSwiftPackageProductDependency;
			productName = UkatonKit;
		};
		5F2B871E2AE18E2100BF304B /* UkatonKit */ = {
			isa = XCSwiftPackageProductDependency;
			package = 5F2B871A2AE18DFA00BF304B /* XCLocalSwiftPackageReference "../UkatonKit" */;
			productName = UkatonKit;
		};
		5F2B87202AE18E2600BF304B /* UkatonKit */ = {
			isa = XCSwiftPackageProductDependency;
			package = 5F2B871A2AE18DFA00BF304B /* XCLocalSwiftPackageReference "../UkatonKit" */;
			productName = UkatonKit;
		};
/* End XCSwiftPackageProductDependency section */
	};
	rootObject = 5FF58F282ADE51D900AD2941 /* Project object */;
}
